// !$*UTF8*$!
{
	archiveVersion = 1;
	classes = {
	};
	objectVersion = 55;
	objects = {

/* Begin PBXBuildFile section */
		3F122D9DD64024A9E677664F /* Pods_GBMapLesson.framework in Frameworks */ = {isa = PBXBuildFile; fileRef = BB05821178EBDDA955567B7E /* Pods_GBMapLesson.framework */; };
		794D1AE82746ACBF009D981D /* PrivacyProtectionViewController.swift in Sources */ = {isa = PBXBuildFile; fileRef = 794D1AE72746ACBF009D981D /* PrivacyProtectionViewController.swift */; };
		79533C012737EFC400C955E7 /* AppDelegate.swift in Sources */ = {isa = PBXBuildFile; fileRef = 79533C002737EFC400C955E7 /* AppDelegate.swift */; };
		79533C052737EFC400C955E7 /* ViewController.swift in Sources */ = {isa = PBXBuildFile; fileRef = 79533C042737EFC400C955E7 /* ViewController.swift */; };
		79533C0A2737EFC700C955E7 /* Assets.xcassets in Resources */ = {isa = PBXBuildFile; fileRef = 79533C092737EFC700C955E7 /* Assets.xcassets */; };
		79533C0D2737EFC700C955E7 /* LaunchScreen.storyboard in Resources */ = {isa = PBXBuildFile; fileRef = 79533C0B2737EFC700C955E7 /* LaunchScreen.storyboard */; };
		798FFF2627468C2A002881FF /* Router.swift in Sources */ = {isa = PBXBuildFile; fileRef = 798FFF2527468C2A002881FF /* Router.swift */; };
		79B1A6292745626700F1AC77 /* User.swift in Sources */ = {isa = PBXBuildFile; fileRef = 79B1A6282745626700F1AC77 /* User.swift */; };
		79B1A62B27456F0000F1AC77 /* LoginViewController.swift in Sources */ = {isa = PBXBuildFile; fileRef = 79B1A62A27456EFF00F1AC77 /* LoginViewController.swift */; };
		79B1A631274576BB00F1AC77 /* AutoLayoutDSL.swift in Sources */ = {isa = PBXBuildFile; fileRef = 79B1A630274576BB00F1AC77 /* AutoLayoutDSL.swift */; };
		79C9933E274A8D7A00FFE8B4 /* LocationManager.swift in Sources */ = {isa = PBXBuildFile; fileRef = 79C9933D274A8D7A00FFE8B4 /* LocationManager.swift */; };
		79F4F8FF27416AE200B35BEE /* RealmService.swift in Sources */ = {isa = PBXBuildFile; fileRef = 79F4F8FE27416AE200B35BEE /* RealmService.swift */; };
		79F4F9022741819900B35BEE /* Location.swift in Sources */ = {isa = PBXBuildFile; fileRef = 79F4F9012741819900B35BEE /* Location.swift */; };
/* End PBXBuildFile section */

/* Begin PBXFileReference section */
		794D1AE72746ACBF009D981D /* PrivacyProtectionViewController.swift */ = {isa = PBXFileReference; lastKnownFileType = sourcecode.swift; path = PrivacyProtectionViewController.swift; sourceTree = "<group>"; };
		79533BFD2737EFC400C955E7 /* GBMapLesson.app */ = {isa = PBXFileReference; explicitFileType = wrapper.application; includeInIndex = 0; path = GBMapLesson.app; sourceTree = BUILT_PRODUCTS_DIR; };
		79533C002737EFC400C955E7 /* AppDelegate.swift */ = {isa = PBXFileReference; lastKnownFileType = sourcecode.swift; path = AppDelegate.swift; sourceTree = "<group>"; };
		79533C042737EFC400C955E7 /* ViewController.swift */ = {isa = PBXFileReference; lastKnownFileType = sourcecode.swift; path = ViewController.swift; sourceTree = "<group>"; };
		79533C092737EFC700C955E7 /* Assets.xcassets */ = {isa = PBXFileReference; lastKnownFileType = folder.assetcatalog; path = Assets.xcassets; sourceTree = "<group>"; };
		79533C0C2737EFC700C955E7 /* Base */ = {isa = PBXFileReference; lastKnownFileType = file.storyboard; name = Base; path = Base.lproj/LaunchScreen.storyboard; sourceTree = "<group>"; };
		79533C0E2737EFC700C955E7 /* Info.plist */ = {isa = PBXFileReference; lastKnownFileType = text.plist.xml; path = Info.plist; sourceTree = "<group>"; };
		798FFF2527468C2A002881FF /* Router.swift */ = {isa = PBXFileReference; lastKnownFileType = sourcecode.swift; path = Router.swift; sourceTree = "<group>"; };
		79B1A6282745626700F1AC77 /* User.swift */ = {isa = PBXFileReference; lastKnownFileType = sourcecode.swift; path = User.swift; sourceTree = "<group>"; };
		79B1A62A27456EFF00F1AC77 /* LoginViewController.swift */ = {isa = PBXFileReference; lastKnownFileType = sourcecode.swift; path = LoginViewController.swift; sourceTree = "<group>"; };
		79B1A630274576BB00F1AC77 /* AutoLayoutDSL.swift */ = {isa = PBXFileReference; lastKnownFileType = sourcecode.swift; path = AutoLayoutDSL.swift; sourceTree = "<group>"; };
		79C9933D274A8D7A00FFE8B4 /* LocationManager.swift */ = {isa = PBXFileReference; lastKnownFileType = sourcecode.swift; path = LocationManager.swift; sourceTree = "<group>"; };
		79F4F8FE27416AE200B35BEE /* RealmService.swift */ = {isa = PBXFileReference; lastKnownFileType = sourcecode.swift; path = RealmService.swift; sourceTree = "<group>"; };
		79F4F9012741819900B35BEE /* Location.swift */ = {isa = PBXFileReference; lastKnownFileType = sourcecode.swift; path = Location.swift; sourceTree = "<group>"; };
		8E82BD4ECCDBBE679D886BEB /* Pods-GBMapLesson.debug.xcconfig */ = {isa = PBXFileReference; includeInIndex = 1; lastKnownFileType = text.xcconfig; name = "Pods-GBMapLesson.debug.xcconfig"; path = "Target Support Files/Pods-GBMapLesson/Pods-GBMapLesson.debug.xcconfig"; sourceTree = "<group>"; };
		A13A3E76E91576F3FB18DABA /* Pods-GBMapLesson.release.xcconfig */ = {isa = PBXFileReference; includeInIndex = 1; lastKnownFileType = text.xcconfig; name = "Pods-GBMapLesson.release.xcconfig"; path = "Target Support Files/Pods-GBMapLesson/Pods-GBMapLesson.release.xcconfig"; sourceTree = "<group>"; };
		BB05821178EBDDA955567B7E /* Pods_GBMapLesson.framework */ = {isa = PBXFileReference; explicitFileType = wrapper.framework; includeInIndex = 0; path = Pods_GBMapLesson.framework; sourceTree = BUILT_PRODUCTS_DIR; };
/* End PBXFileReference section */

/* Begin PBXFrameworksBuildPhase section */
		79533BFA2737EFC400C955E7 /* Frameworks */ = {
			isa = PBXFrameworksBuildPhase;
			buildActionMask = 2147483647;
			files = (
				3F122D9DD64024A9E677664F /* Pods_GBMapLesson.framework in Frameworks */,
			);
			runOnlyForDeploymentPostprocessing = 0;
		};
/* End PBXFrameworksBuildPhase section */

/* Begin PBXGroup section */
		4CE2C419BC3A4A2C90174DD0 /* Frameworks */ = {
			isa = PBXGroup;
			children = (
				BB05821178EBDDA955567B7E /* Pods_GBMapLesson.framework */,
			);
			name = Frameworks;
			sourceTree = "<group>";
		};
		79533BF42737EFC400C955E7 = {
			isa = PBXGroup;
			children = (
				79533BFF2737EFC400C955E7 /* GBMapLesson */,
				79533BFE2737EFC400C955E7 /* Products */,
				FAD294ACA8F45791F93E72B6 /* Pods */,
				4CE2C419BC3A4A2C90174DD0 /* Frameworks */,
			);
			sourceTree = "<group>";
		};
		79533BFE2737EFC400C955E7 /* Products */ = {
			isa = PBXGroup;
			children = (
				79533BFD2737EFC400C955E7 /* GBMapLesson.app */,
			);
			name = Products;
			sourceTree = "<group>";
		};
		79533BFF2737EFC400C955E7 /* GBMapLesson */ = {
			isa = PBXGroup;
			children = (
				79C9933C274A8D6A00FFE8B4 /* Services */,
				798FFF2427468C18002881FF /* Router */,
				79B1A62F274576A700F1AC77 /* AutoLayout */,
				79F4F9002741818100B35BEE /* Model */,
				79533C002737EFC400C955E7 /* AppDelegate.swift */,
				79533C042737EFC400C955E7 /* ViewController.swift */,
				79B1A62A27456EFF00F1AC77 /* LoginViewController.swift */,
				79533C092737EFC700C955E7 /* Assets.xcassets */,
				79533C0B2737EFC700C955E7 /* LaunchScreen.storyboard */,
				79533C0E2737EFC700C955E7 /* Info.plist */,
				79F4F8FE27416AE200B35BEE /* RealmService.swift */,
				794D1AE72746ACBF009D981D /* PrivacyProtectionViewController.swift */,
			);
			path = GBMapLesson;
			sourceTree = "<group>";
		};
		798FFF2427468C18002881FF /* Router */ = {
			isa = PBXGroup;
			children = (
				798FFF2527468C2A002881FF /* Router.swift */,
			);
			path = Router;
			sourceTree = "<group>";
		};
		79B1A62F274576A700F1AC77 /* AutoLayout */ = {
			isa = PBXGroup;
			children = (
				79B1A630274576BB00F1AC77 /* AutoLayoutDSL.swift */,
			);
			path = AutoLayout;
			sourceTree = "<group>";
		};
		79C9933C274A8D6A00FFE8B4 /* Services */ = {
			isa = PBXGroup;
			children = (
				79C9933D274A8D7A00FFE8B4 /* LocationManager.swift */,
			);
			path = Services;
			sourceTree = "<group>";
		};
		79F4F9002741818100B35BEE /* Model */ = {
			isa = PBXGroup;
			children = (
				79F4F9012741819900B35BEE /* Location.swift */,
				79B1A6282745626700F1AC77 /* User.swift */,
			);
			path = Model;
			sourceTree = "<group>";
		};
		FAD294ACA8F45791F93E72B6 /* Pods */ = {
			isa = PBXGroup;
			children = (
				8E82BD4ECCDBBE679D886BEB /* Pods-GBMapLesson.debug.xcconfig */,
				A13A3E76E91576F3FB18DABA /* Pods-GBMapLesson.release.xcconfig */,
			);
			path = Pods;
			sourceTree = "<group>";
		};
/* End PBXGroup section */

/* Begin PBXNativeTarget section */
		79533BFC2737EFC400C955E7 /* GBMapLesson */ = {
			isa = PBXNativeTarget;
			buildConfigurationList = 79533C112737EFC700C955E7 /* Build configuration list for PBXNativeTarget "GBMapLesson" */;
			buildPhases = (
				62BF806C2C001956CEA1CF9B /* [CP] Check Pods Manifest.lock */,
				79533BF92737EFC400C955E7 /* Sources */,
				79533BFA2737EFC400C955E7 /* Frameworks */,
				79533BFB2737EFC400C955E7 /* Resources */,
				1445ACA8AE8043F5F63171DE /* [CP] Copy Pods Resources */,
				59BACF58D54C770426668D57 /* [CP] Embed Pods Frameworks */,
			);
			buildRules = (
			);
			dependencies = (
			);
			name = GBMapLesson;
			productName = GBMapLesson;
			productReference = 79533BFD2737EFC400C955E7 /* GBMapLesson.app */;
			productType = "com.apple.product-type.application";
		};
/* End PBXNativeTarget section */

/* Begin PBXProject section */
		79533BF52737EFC400C955E7 /* Project object */ = {
			isa = PBXProject;
			attributes = {
				BuildIndependentTargetsInParallel = 1;
				LastSwiftUpdateCheck = 1300;
				LastUpgradeCheck = 1300;
				TargetAttributes = {
					79533BFC2737EFC400C955E7 = {
						CreatedOnToolsVersion = 13.0;
					};
				};
			};
			buildConfigurationList = 79533BF82737EFC400C955E7 /* Build configuration list for PBXProject "GBMapLesson" */;
			compatibilityVersion = "Xcode 13.0";
			developmentRegion = en;
			hasScannedForEncodings = 0;
			knownRegions = (
				en,
				Base,
			);
			mainGroup = 79533BF42737EFC400C955E7;
			productRefGroup = 79533BFE2737EFC400C955E7 /* Products */;
			projectDirPath = "";
			projectRoot = "";
			targets = (
				79533BFC2737EFC400C955E7 /* GBMapLesson */,
			);
		};
/* End PBXProject section */

/* Begin PBXResourcesBuildPhase section */
		79533BFB2737EFC400C955E7 /* Resources */ = {
			isa = PBXResourcesBuildPhase;
			buildActionMask = 2147483647;
			files = (
				79533C0D2737EFC700C955E7 /* LaunchScreen.storyboard in Resources */,
				79533C0A2737EFC700C955E7 /* Assets.xcassets in Resources */,
			);
			runOnlyForDeploymentPostprocessing = 0;
		};
/* End PBXResourcesBuildPhase section */

/* Begin PBXShellScriptBuildPhase section */
		1445ACA8AE8043F5F63171DE /* [CP] Copy Pods Resources */ = {
			isa = PBXShellScriptBuildPhase;
			buildActionMask = 2147483647;
			files = (
			);
			inputFileListPaths = (
				"${PODS_ROOT}/Target Support Files/Pods-GBMapLesson/Pods-GBMapLesson-resources-${CONFIGURATION}-input-files.xcfilelist",
			);
			name = "[CP] Copy Pods Resources";
			outputFileListPaths = (
				"${PODS_ROOT}/Target Support Files/Pods-GBMapLesson/Pods-GBMapLesson-resources-${CONFIGURATION}-output-files.xcfilelist",
			);
			runOnlyForDeploymentPostprocessing = 0;
			shellPath = /bin/sh;
			shellScript = "\"${PODS_ROOT}/Target Support Files/Pods-GBMapLesson/Pods-GBMapLesson-resources.sh\"\n";
			showEnvVarsInLog = 0;
		};
		59BACF58D54C770426668D57 /* [CP] Embed Pods Frameworks */ = {
			isa = PBXShellScriptBuildPhase;
			buildActionMask = 2147483647;
			files = (
			);
			inputFileListPaths = (
				"${PODS_ROOT}/Target Support Files/Pods-GBMapLesson/Pods-GBMapLesson-frameworks-${CONFIGURATION}-input-files.xcfilelist",
			);
			name = "[CP] Embed Pods Frameworks";
			outputFileListPaths = (
				"${PODS_ROOT}/Target Support Files/Pods-GBMapLesson/Pods-GBMapLesson-frameworks-${CONFIGURATION}-output-files.xcfilelist",
			);
			runOnlyForDeploymentPostprocessing = 0;
			shellPath = /bin/sh;
			shellScript = "\"${PODS_ROOT}/Target Support Files/Pods-GBMapLesson/Pods-GBMapLesson-frameworks.sh\"\n";
			showEnvVarsInLog = 0;
		};
		62BF806C2C001956CEA1CF9B /* [CP] Check Pods Manifest.lock */ = {
			isa = PBXShellScriptBuildPhase;
			buildActionMask = 2147483647;
			files = (
			);
			inputFileListPaths = (
			);
			inputPaths = (
				"${PODS_PODFILE_DIR_PATH}/Podfile.lock",
				"${PODS_ROOT}/Manifest.lock",
			);
			name = "[CP] Check Pods Manifest.lock";
			outputFileListPaths = (
			);
			outputPaths = (
				"$(DERIVED_FILE_DIR)/Pods-GBMapLesson-checkManifestLockResult.txt",
			);
			runOnlyForDeploymentPostprocessing = 0;
			shellPath = /bin/sh;
			shellScript = "diff \"${PODS_PODFILE_DIR_PATH}/Podfile.lock\" \"${PODS_ROOT}/Manifest.lock\" > /dev/null\nif [ $? != 0 ] ; then\n    # print error to STDERR\n    echo \"error: The sandbox is not in sync with the Podfile.lock. Run 'pod install' or update your CocoaPods installation.\" >&2\n    exit 1\nfi\n# This output is used by Xcode 'outputs' to avoid re-running this script phase.\necho \"SUCCESS\" > \"${SCRIPT_OUTPUT_FILE_0}\"\n";
			showEnvVarsInLog = 0;
		};
/* End PBXShellScriptBuildPhase section */

/* Begin PBXSourcesBuildPhase section */
		79533BF92737EFC400C955E7 /* Sources */ = {
			isa = PBXSourcesBuildPhase;
			buildActionMask = 2147483647;
			files = (
				79B1A62B27456F0000F1AC77 /* LoginViewController.swift in Sources */,
				79B1A631274576BB00F1AC77 /* AutoLayoutDSL.swift in Sources */,
				79C9933E274A8D7A00FFE8B4 /* LocationManager.swift in Sources */,
				79533C052737EFC400C955E7 /* ViewController.swift in Sources */,
				79F4F8FF27416AE200B35BEE /* RealmService.swift in Sources */,
				79F4F9022741819900B35BEE /* Location.swift in Sources */,
				79B1A6292745626700F1AC77 /* User.swift in Sources */,
				79533C012737EFC400C955E7 /* AppDelegate.swift in Sources */,
				794D1AE82746ACBF009D981D /* PrivacyProtectionViewController.swift in Sources */,
				798FFF2627468C2A002881FF /* Router.swift in Sources */,
			);
			runOnlyForDeploymentPostprocessing = 0;
		};
/* End PBXSourcesBuildPhase section */

/* Begin PBXVariantGroup section */
		79533C0B2737EFC700C955E7 /* LaunchScreen.storyboard */ = {
			isa = PBXVariantGroup;
			children = (
				79533C0C2737EFC700C955E7 /* Base */,
			);
			name = LaunchScreen.storyboard;
			sourceTree = "<group>";
		};
/* End PBXVariantGroup section */

/* Begin XCBuildConfiguration section */
		79533C0F2737EFC700C955E7 /* Debug */ = {
			isa = XCBuildConfiguration;
			buildSettings = {
				ALWAYS_SEARCH_USER_PATHS = NO;
				CLANG_ANALYZER_NONNULL = YES;
				CLANG_ANALYZER_NUMBER_OBJECT_CONVERSION = YES_AGGRESSIVE;
				CLANG_CXX_LANGUAGE_STANDARD = "gnu++17";
				CLANG_CXX_LIBRARY = "libc++";
				CLANG_ENABLE_MODULES = YES;
				CLANG_ENABLE_OBJC_ARC = YES;
				CLANG_ENABLE_OBJC_WEAK = YES;
				CLANG_WARN_BLOCK_CAPTURE_AUTORELEASING = YES;
				CLANG_WARN_BOOL_CONVERSION = YES;
				CLANG_WARN_COMMA = YES;
				CLANG_WARN_CONSTANT_CONVERSION = YES;
				CLANG_WARN_DEPRECATED_OBJC_IMPLEMENTATIONS = YES;
				CLANG_WARN_DIRECT_OBJC_ISA_USAGE = YES_ERROR;
				CLANG_WARN_DOCUMENTATION_COMMENTS = YES;
				CLANG_WARN_EMPTY_BODY = YES;
				CLANG_WARN_ENUM_CONVERSION = YES;
				CLANG_WARN_INFINITE_RECURSION = YES;
				CLANG_WARN_INT_CONVERSION = YES;
				CLANG_WARN_NON_LITERAL_NULL_CONVERSION = YES;
				CLANG_WARN_OBJC_IMPLICIT_RETAIN_SELF = YES;
				CLANG_WARN_OBJC_LITERAL_CONVERSION = YES;
				CLANG_WARN_OBJC_ROOT_CLASS = YES_ERROR;
				CLANG_WARN_QUOTED_INCLUDE_IN_FRAMEWORK_HEADER = YES;
				CLANG_WARN_RANGE_LOOP_ANALYSIS = YES;
				CLANG_WARN_STRICT_PROTOTYPES = YES;
				CLANG_WARN_SUSPICIOUS_MOVE = YES;
				CLANG_WARN_UNGUARDED_AVAILABILITY = YES_AGGRESSIVE;
				CLANG_WARN_UNREACHABLE_CODE = YES;
				CLANG_WARN__DUPLICATE_METHOD_MATCH = YES;
				COPY_PHASE_STRIP = NO;
				DEBUG_INFORMATION_FORMAT = dwarf;
				ENABLE_STRICT_OBJC_MSGSEND = YES;
				ENABLE_TESTABILITY = YES;
				GCC_C_LANGUAGE_STANDARD = gnu11;
				GCC_DYNAMIC_NO_PIC = NO;
				GCC_NO_COMMON_BLOCKS = YES;
				GCC_OPTIMIZATION_LEVEL = 0;
				GCC_PREPROCESSOR_DEFINITIONS = (
					"DEBUG=1",
					"$(inherited)",
				);
				GCC_WARN_64_TO_32_BIT_CONVERSION = YES;
				GCC_WARN_ABOUT_RETURN_TYPE = YES_ERROR;
				GCC_WARN_UNDECLARED_SELECTOR = YES;
				GCC_WARN_UNINITIALIZED_AUTOS = YES_AGGRESSIVE;
				GCC_WARN_UNUSED_FUNCTION = YES;
				GCC_WARN_UNUSED_VARIABLE = YES;
				IPHONEOS_DEPLOYMENT_TARGET = 14.0;
				MTL_ENABLE_DEBUG_INFO = INCLUDE_SOURCE;
				MTL_FAST_MATH = YES;
				ONLY_ACTIVE_ARCH = YES;
				SDKROOT = iphoneos;
				SWIFT_ACTIVE_COMPILATION_CONDITIONS = DEBUG;
				SWIFT_OPTIMIZATION_LEVEL = "-Onone";
			};
			name = Debug;
		};
		79533C102737EFC700C955E7 /* Release */ = {
			isa = XCBuildConfiguration;
			buildSettings = {
				ALWAYS_SEARCH_USER_PATHS = NO;
				CLANG_ANALYZER_NONNULL = YES;
				CLANG_ANALYZER_NUMBER_OBJECT_CONVERSION = YES_AGGRESSIVE;
				CLANG_CXX_LANGUAGE_STANDARD = "gnu++17";
				CLANG_CXX_LIBRARY = "libc++";
				CLANG_ENABLE_MODULES = YES;
				CLANG_ENABLE_OBJC_ARC = YES;
				CLANG_ENABLE_OBJC_WEAK = YES;
				CLANG_WARN_BLOCK_CAPTURE_AUTORELEASING = YES;
				CLANG_WARN_BOOL_CONVERSION = YES;
				CLANG_WARN_COMMA = YES;
				CLANG_WARN_CONSTANT_CONVERSION = YES;
				CLANG_WARN_DEPRECATED_OBJC_IMPLEMENTATIONS = YES;
				CLANG_WARN_DIRECT_OBJC_ISA_USAGE = YES_ERROR;
				CLANG_WARN_DOCUMENTATION_COMMENTS = YES;
				CLANG_WARN_EMPTY_BODY = YES;
				CLANG_WARN_ENUM_CONVERSION = YES;
				CLANG_WARN_INFINITE_RECURSION = YES;
				CLANG_WARN_INT_CONVERSION = YES;
				CLANG_WARN_NON_LITERAL_NULL_CONVERSION = YES;
				CLANG_WARN_OBJC_IMPLICIT_RETAIN_SELF = YES;
				CLANG_WARN_OBJC_LITERAL_CONVERSION = YES;
				CLANG_WARN_OBJC_ROOT_CLASS = YES_ERROR;
				CLANG_WARN_QUOTED_INCLUDE_IN_FRAMEWORK_HEADER = YES;
				CLANG_WARN_RANGE_LOOP_ANALYSIS = YES;
				CLANG_WARN_STRICT_PROTOTYPES = YES;
				CLANG_WARN_SUSPICIOUS_MOVE = YES;
				CLANG_WARN_UNGUARDED_AVAILABILITY = YES_AGGRESSIVE;
				CLANG_WARN_UNREACHABLE_CODE = YES;
				CLANG_WARN__DUPLICATE_METHOD_MATCH = YES;
				COPY_PHASE_STRIP = NO;
				DEBUG_INFORMATION_FORMAT = "dwarf-with-dsym";
				ENABLE_NS_ASSERTIONS = NO;
				ENABLE_STRICT_OBJC_MSGSEND = YES;
				GCC_C_LANGUAGE_STANDARD = gnu11;
				GCC_NO_COMMON_BLOCKS = YES;
				GCC_WARN_64_TO_32_BIT_CONVERSION = YES;
				GCC_WARN_ABOUT_RETURN_TYPE = YES_ERROR;
				GCC_WARN_UNDECLARED_SELECTOR = YES;
				GCC_WARN_UNINITIALIZED_AUTOS = YES_AGGRESSIVE;
				GCC_WARN_UNUSED_FUNCTION = YES;
				GCC_WARN_UNUSED_VARIABLE = YES;
				IPHONEOS_DEPLOYMENT_TARGET = 14.0;
				MTL_ENABLE_DEBUG_INFO = NO;
				MTL_FAST_MATH = YES;
				SDKROOT = iphoneos;
				SWIFT_COMPILATION_MODE = wholemodule;
				SWIFT_OPTIMIZATION_LEVEL = "-O";
				VALIDATE_PRODUCT = YES;
			};
			name = Release;
		};
		79533C122737EFC700C955E7 /* Debug */ = {
			isa = XCBuildConfiguration;
			baseConfigurationReference = 8E82BD4ECCDBBE679D886BEB /* Pods-GBMapLesson.debug.xcconfig */;
			buildSettings = {
				ASSETCATALOG_COMPILER_APPICON_NAME = AppIcon;
				ASSETCATALOG_COMPILER_GLOBAL_ACCENT_COLOR_NAME = AccentColor;
				CODE_SIGN_STYLE = Automatic;
				CURRENT_PROJECT_VERSION = 1;
				DEVELOPMENT_TEAM = 72QPQ3P58F;
				GENERATE_INFOPLIST_FILE = YES;
				INFOPLIST_FILE = GBMapLesson/Info.plist;
				INFOPLIST_KEY_NSLocationAlwaysAndWhenInUseUsageDescription = "Соизволите ли вы разрешить нам следить за вашей локацией?";
				INFOPLIST_KEY_NSLocationWhenInUseUsageDescription = "Соизволите ли вы разрешить нам следить за вашей локацией?";
				INFOPLIST_KEY_UIApplicationSupportsIndirectInputEvents = YES;
				INFOPLIST_KEY_UILaunchStoryboardName = LaunchScreen;
				INFOPLIST_KEY_UISupportedInterfaceOrientations_iPad = "UIInterfaceOrientationPortrait UIInterfaceOrientationPortraitUpsideDown UIInterfaceOrientationLandscapeLeft UIInterfaceOrientationLandscapeRight";
				INFOPLIST_KEY_UISupportedInterfaceOrientations_iPhone = "UIInterfaceOrientationPortrait UIInterfaceOrientationLandscapeLeft UIInterfaceOrientationLandscapeRight";
				IPHONEOS_DEPLOYMENT_TARGET = 14.0;
				LD_RUNPATH_SEARCH_PATHS = (
					"$(inherited)",
					"@executable_path/Frameworks",
				);
				MARKETING_VERSION = 1.0;
				PRODUCT_BUNDLE_IDENTIFIER = com.eg.GBMapLesson;
				PRODUCT_NAME = "$(TARGET_NAME)";
				SWIFT_EMIT_LOC_STRINGS = YES;
				SWIFT_VERSION = 5.0;
				TARGETED_DEVICE_FAMILY = "1,2";
			};
			name = Debug;
		};
		79533C132737EFC700C955E7 /* Release */ = {
			isa = XCBuildConfiguration;
			baseConfigurationReference = A13A3E76E91576F3FB18DABA /* Pods-GBMapLesson.release.xcconfig */;
			buildSettings = {
				ASSETCATALOG_COMPILER_APPICON_NAME = AppIcon;
				ASSETCATALOG_COMPILER_GLOBAL_ACCENT_COLOR_NAME = AccentColor;
				CODE_SIGN_STYLE = Automatic;
				CURRENT_PROJECT_VERSION = 1;
				DEVELOPMENT_TEAM = 72QPQ3P58F;
				GENERATE_INFOPLIST_FILE = YES;
				INFOPLIST_FILE = GBMapLesson/Info.plist;
				INFOPLIST_KEY_NSLocationAlwaysAndWhenInUseUsageDescription = "Соизволите ли вы разрешить нам следить за вашей локацией?";
				INFOPLIST_KEY_NSLocationWhenInUseUsageDescription = "Соизволите ли вы разрешить нам следить за вашей локацией?";
				INFOPLIST_KEY_UIApplicationSupportsIndirectInputEvents = YES;
				INFOPLIST_KEY_UILaunchStoryboardName = LaunchScreen;
				INFOPLIST_KEY_UISupportedInterfaceOrientations_iPad = "UIInterfaceOrientationPortrait UIInterfaceOrientationPortraitUpsideDown UIInterfaceOrientationLandscapeLeft UIInterfaceOrientationLandscapeRight";
				INFOPLIST_KEY_UISupportedInterfaceOrientations_iPhone = "UIInterfaceOrientationPortrait UIInterfaceOrientationLandscapeLeft UIInterfaceOrientationLandscapeRight";
				IPHONEOS_DEPLOYMENT_TARGET = 14.0;
				LD_RUNPATH_SEARCH_PATHS = (
					"$(inherited)",
					"@executable_path/Frameworks",
				);
				MARKETING_VERSION = 1.0;
				PRODUCT_BUNDLE_IDENTIFIER = com.eg.GBMapLesson;
				PRODUCT_NAME = "$(TARGET_NAME)";
				SWIFT_EMIT_LOC_STRINGS = YES;
				SWIFT_VERSION = 5.0;
				TARGETED_DEVICE_FAMILY = "1,2";
			};
			name = Release;
		};
/* End XCBuildConfiguration section */

/* Begin XCConfigurationList section */
		79533BF82737EFC400C955E7 /* Build configuration list for PBXProject "GBMapLesson" */ = {
			isa = XCConfigurationList;
			buildConfigurations = (
				79533C0F2737EFC700C955E7 /* Debug */,
				79533C102737EFC700C955E7 /* Release */,
			);
			defaultConfigurationIsVisible = 0;
			defaultConfigurationName = Release;
		};
		79533C112737EFC700C955E7 /* Build configuration list for PBXNativeTarget "GBMapLesson" */ = {
			isa = XCConfigurationList;
			buildConfigurations = (
				79533C122737EFC700C955E7 /* Debug */,
				79533C132737EFC700C955E7 /* Release */,
			);
			defaultConfigurationIsVisible = 0;
			defaultConfigurationName = Release;
		};
/* End XCConfigurationList section */
	};
	rootObject = 79533BF52737EFC400C955E7 /* Project object */;
}
